
Microsoft Visual Studio Solution File, Format Version 12.00
# Visual Studio Version 17
VisualStudioVersion = 17.14.36121.58
MinimumVisualStudioVersion = 10.0.40219.1
Project("{FAE04EC0-301F-11D3-BF4B-00C04F79EFBC}") = "HCMS.UI", "HCMS.UI.csproj", "{526EECB1-9761-48DF-BDB2-2B5F04A3885D}"
EndProject
Project("{FAE04EC0-301F-11D3-BF4B-00C04F79EFBC}") = "HCMS.BackendAPI", "..\HCMS.BackendAPI\HCMS.BackendAPI.csproj", "{3EE9EEDB-CEBC-4644-9521-FED0B37E29B6}"
EndProject
Project("{FAE04EC0-301F-11D3-BF4B-00C04F79EFBC}") = "HCMS.FrontendAPI", "..\HCMS.FrontendAPI\HCMS.FrontendAPI.csproj", "{321843A3-99E4-497E-B52B-9EDA38DEA610}"
EndProject
Project("{FAE04EC0-301F-11D3-BF4B-00C04F79EFBC}") = "HCMS.Core", "..\HCMS.Core\HCMS.Core.csproj", "{C38C5880-EDF8-482B-B120-FA46A21AAFB2}"
EndProject
Project("{FAE04EC0-301F-11D3-BF4B-00C04F79EFBC}") = "HCMS.Infrastructure", "..\HCMS.Infrastructure\HCMS.Infrastructure.csproj", "{40A72561-FACD-4DFC-A599-ACF12CB37267}"
EndProject
Global
	GlobalSection(SolutionConfigurationPlatforms) = preSolution
		Debug|Any CPU = Debug|Any CPU
		Release|Any CPU = Release|Any CPU
	EndGlobalSection
	GlobalSection(ProjectConfigurationPlatforms) = postSolution
		{526EECB1-9761-48DF-BDB2-2B5F04A3885D}.Debug|Any CPU.ActiveCfg = Debug|Any CPU
		{526EECB1-9761-48DF-BDB2-2B5F04A3885D}.Debug|Any CPU.Build.0 = Debug|Any CPU
		{526EECB1-9761-48DF-BDB2-2B5F04A3885D}.Release|Any CPU.ActiveCfg = Release|Any CPU
		{526EECB1-9761-48DF-BDB2-2B5F04A3885D}.Release|Any CPU.Build.0 = Release|Any CPU
		{3EE9EEDB-CEBC-4644-9521-FED0B37E29B6}.Debug|Any CPU.ActiveCfg = Debug|Any CPU
		{3EE9EEDB-CEBC-4644-9521-FED0B37E29B6}.Debug|Any CPU.Build.0 = Debug|Any CPU
		{3EE9EEDB-CEBC-4644-9521-FED0B37E29B6}.Release|Any CPU.ActiveCfg = Release|Any CPU
		{3EE9EEDB-CEBC-4644-9521-FED0B37E29B6}.Release|Any CPU.Build.0 = Release|Any CPU
		{321843A3-99E4-497E-B52B-9EDA38DEA610}.Debug|Any CPU.ActiveCfg = Debug|Any CPU
		{321843A3-99E4-497E-B52B-9EDA38DEA610}.Debug|Any CPU.Build.0 = Debug|Any CPU
		{321843A3-99E4-497E-B52B-9EDA38DEA610}.Release|Any CPU.ActiveCfg = Release|Any CPU
		{321843A3-99E4-497E-B52B-9EDA38DEA610}.Release|Any CPU.Build.0 = Release|Any CPU
		{C38C5880-EDF8-482B-B120-FA46A21AAFB2}.Debug|Any CPU.ActiveCfg = Debug|Any CPU
		{C38C5880-EDF8-482B-B120-FA46A21AAFB2}.Debug|Any CPU.Build.0 = Debug|Any CPU
		{C38C5880-EDF8-482B-B120-FA46A21AAFB2}.Release|Any CPU.ActiveCfg = Release|Any CPU
		{C38C5880-EDF8-482B-B120-FA46A21AAFB2}.Release|Any CPU.Build.0 = Release|Any CPU
		{40A72561-FACD-4DFC-A599-ACF12CB37267}.Debug|Any CPU.ActiveCfg = Debug|Any CPU
		{40A72561-FACD-4DFC-A599-ACF12CB37267}.Debug|Any CPU.Build.0 = Debug|Any CPU
		{40A72561-FACD-4DFC-A599-ACF12CB37267}.Release|Any CPU.ActiveCfg = Release|Any CPU
		{40A72561-FACD-4DFC-A599-ACF12CB37267}.Release|Any CPU.Build.0 = Release|Any CPU
	EndGlobalSection
	GlobalSection(SolutionProperties) = preSolution
		HideSolutionNode = FALSE
	EndGlobalSection
	GlobalSection(ExtensibilityGlobals) = postSolution
		SolutionGuid = {626A9DF7-F2F8-43E9-B8E5-858D12A0663E}
	EndGlobalSection
EndGlobal
